PODS:
  - Expecta (1.0.2)
  - KSReason (1.5.0)
  - Specta (1.0.3)

DEPENDENCIES:
  - Expecta
  - KSReason (from `../`)
  - Specta

EXTERNAL SOURCES:
  KSReason:
    :path: "../"

SPEC CHECKSUMS:
  Expecta: 54e8a3530add08f4f0208c111355eda7cde74a53
  KSReason: 816afffb73f885bf61f27e98e3502598eaf2cfa1
  Specta: cf3e4188cf35375c3ee2cd03f8db8f1f4ef98234

COCOAPODS: 0.38.2
